
Microsoft Visual Studio Solution File, Format Version 12.00
# Visual Studio Version 16
VisualStudioVersion = 16.0.31005.135
MinimumVisualStudioVersion = 10.0.40219.1
Project("{FAE04EC0-301F-11D3-BF4B-00C04F79EFBC}") = "BookingAutomation", "BookingAutomation\BookingAutomation.csproj", "{CD3679A1-5044-478A-AC8F-565460213582}"
EndProject
Project("{FAE04EC0-301F-11D3-BF4B-00C04F79EFBC}") = "BookingAutomation.Tests", "BookingAutomation.Tests\BookingAutomation.Tests.csproj", "{CABEA6C1-1E6E-4C16-93C8-969FCC781C9A}"
EndProject
Global
	GlobalSection(SolutionConfigurationPlatforms) = preSolution
		Debug|Any CPU = Debug|Any CPU
		Release|Any CPU = Release|Any CPU
	EndGlobalSection
	GlobalSection(ProjectConfigurationPlatforms) = postSolution
		{CD3679A1-5044-478A-AC8F-565460213582}.Debug|Any CPU.ActiveCfg = Debug|Any CPU
		{CD3679A1-5044-478A-AC8F-565460213582}.Debug|Any CPU.Build.0 = Debug|Any CPU
		{CD3679A1-5044-478A-AC8F-565460213582}.Release|Any CPU.ActiveCfg = Release|Any CPU
		{CD3679A1-5044-478A-AC8F-565460213582}.Release|Any CPU.Build.0 = Release|Any CPU
		{CABEA6C1-1E6E-4C16-93C8-969FCC781C9A}.Debug|Any CPU.ActiveCfg = Debug|Any CPU
		{CABEA6C1-1E6E-4C16-93C8-969FCC781C9A}.Debug|Any CPU.Build.0 = Debug|Any CPU
		{CABEA6C1-1E6E-4C16-93C8-969FCC781C9A}.Release|Any CPU.ActiveCfg = Release|Any CPU
		{CABEA6C1-1E6E-4C16-93C8-969FCC781C9A}.Release|Any CPU.Build.0 = Release|Any CPU
	EndGlobalSection
	GlobalSection(SolutionProperties) = preSolution
		HideSolutionNode = FALSE
	EndGlobalSection
	GlobalSection(ExtensibilityGlobals) = postSolution
		SolutionGuid = {F56D3367-8DE9-4A29-B3BF-5488ABB72938}
	EndGlobalSection
EndGlobal
